// !$*UTF8*$!
{
	archiveVersion = 1;
	classes = {
	};
	objectVersion = 77;
	objects = {

/* Begin PBXBuildFile section */
		57A381242DCC842B00DF9641 /* FirebaseAuth in Frameworks */ = {isa = PBXBuildFile; productRef = 57A381232DCC842B00DF9641 /* FirebaseAuth */; };
/* End PBXBuildFile section */

/* Begin PBXContainerItemProxy section */
		575FA1262DCB6D8200100B37 /* PBXContainerItemProxy */ = {
			isa = PBXContainerItemProxy;
			containerPortal = 575FA10D2DCB6D8000100B37 /* Project object */;
			proxyType = 1;
			remoteGlobalIDString = 575FA1142DCB6D8000100B37;
			remoteInfo = FlipZon;
		};
		575FA1302DCB6D8200100B37 /* PBXContainerItemProxy */ = {
			isa = PBXContainerItemProxy;
			containerPortal = 575FA10D2DCB6D8000100B37 /* Project object */;
			proxyType = 1;
			remoteGlobalIDString = 575FA1142DCB6D8000100B37;
			remoteInfo = FlipZon;
		};
/* End PBXContainerItemProxy section */

/* Begin PBXFileReference section */
		575FA1152DCB6D8000100B37 /* FlipZon.app */ = {isa = PBXFileReference; explicitFileType = wrapper.application; includeInIndex = 0; path = FlipZon.app; sourceTree = BUILT_PRODUCTS_DIR; };
		575FA1252DCB6D8200100B37 /* FlipZonTests.xctest */ = {isa = PBXFileReference; explicitFileType = wrapper.cfbundle; includeInIndex = 0; path = FlipZonTests.xctest; sourceTree = BUILT_PRODUCTS_DIR; };
		575FA12F2DCB6D8200100B37 /* FlipZonUITests.xctest */ = {isa = PBXFileReference; explicitFileType = wrapper.cfbundle; includeInIndex = 0; path = FlipZonUITests.xctest; sourceTree = BUILT_PRODUCTS_DIR; };
/* End PBXFileReference section */

/* Begin PBXFileSystemSynchronizedRootGroup section */
		575FA1172DCB6D8000100B37 /* FlipZon */ = {
			isa = PBXFileSystemSynchronizedRootGroup;
			path = FlipZon;
			sourceTree = "<group>";
		};
		575FA1282DCB6D8200100B37 /* FlipZonTests */ = {
			isa = PBXFileSystemSynchronizedRootGroup;
			path = FlipZonTests;
			sourceTree = "<group>";
		};
		575FA1322DCB6D8200100B37 /* FlipZonUITests */ = {
			isa = PBXFileSystemSynchronizedRootGroup;
			path = FlipZonUITests;
			sourceTree = "<group>";
		};
/* End PBXFileSystemSynchronizedRootGroup section */

/* Begin PBXFrameworksBuildPhase section */
		575FA1122DCB6D8000100B37 /* Frameworks */ = {
			isa = PBXFrameworksBuildPhase;
			buildActionMask = 2147483647;
			files = (
				57A381242DCC842B00DF9641 /* FirebaseAuth in Frameworks */,
			);
			runOnlyForDeploymentPostprocessing = 0;
		};
		575FA1222DCB6D8200100B37 /* Frameworks */ = {
			isa = PBXFrameworksBuildPhase;
			buildActionMask = 2147483647;
			files = (
			);
			runOnlyForDeploymentPostprocessing = 0;
		};
		575FA12C2DCB6D8200100B37 /* Frameworks */ = {
			isa = PBXFrameworksBuildPhase;
			buildActionMask = 2147483647;
			files = (
			);
			runOnlyForDeploymentPostprocessing = 0;
		};
/* End PBXFrameworksBuildPhase section */

/* Begin PBXGroup section */
		575FA10C2DCB6D8000100B37 = {
			isa = PBXGroup;
			children = (
				575FA1172DCB6D8000100B37 /* FlipZon */,
				575FA1282DCB6D8200100B37 /* FlipZonTests */,
				575FA1322DCB6D8200100B37 /* FlipZonUITests */,
				575FA1162DCB6D8000100B37 /* Products */,
			);
			sourceTree = "<group>";
		};
		575FA1162DCB6D8000100B37 /* Products */ = {
			isa = PBXGroup;
			children = (
				575FA1152DCB6D8000100B37 /* FlipZon.app */,
				575FA1252DCB6D8200100B37 /* FlipZonTests.xctest */,
				575FA12F2DCB6D8200100B37 /* FlipZonUITests.xctest */,
			);
			name = Products;
			sourceTree = "<group>";
		};
/* End PBXGroup section */

/* Begin PBXNativeTarget section */
		575FA1142DCB6D8000100B37 /* FlipZon */ = {
			isa = PBXNativeTarget;
			buildConfigurationList = 575FA1392DCB6D8200100B37 /* Build configuration list for PBXNativeTarget "FlipZon" */;
			buildPhases = (
				575FA1112DCB6D8000100B37 /* Sources */,
				575FA1122DCB6D8000100B37 /* Frameworks */,
				575FA1132DCB6D8000100B37 /* Resources */,
			);
			buildRules = (
			);
			dependencies = (
			);
			fileSystemSynchronizedGroups = (
				575FA1172DCB6D8000100B37 /* FlipZon */,
			);
			name = FlipZon;
			packageProductDependencies = (
				57A381232DCC842B00DF9641 /* FirebaseAuth */,
			);
			productName = FlipZon;
			productReference = 575FA1152DCB6D8000100B37 /* FlipZon.app */;
			productType = "com.apple.product-type.application";
		};
		575FA1242DCB6D8200100B37 /* FlipZonTests */ = {
			isa = PBXNativeTarget;
			buildConfigurationList = 575FA13C2DCB6D8200100B37 /* Build configuration list for PBXNativeTarget "FlipZonTests" */;
			buildPhases = (
				575FA1212DCB6D8200100B37 /* Sources */,
				575FA1222DCB6D8200100B37 /* Frameworks */,
				575FA1232DCB6D8200100B37 /* Resources */,
			);
			buildRules = (
			);
			dependencies = (
				575FA1272DCB6D8200100B37 /* PBXTargetDependency */,
			);
			fileSystemSynchronizedGroups = (
				575FA1282DCB6D8200100B37 /* FlipZonTests */,
			);
			name = FlipZonTests;
			packageProductDependencies = (
			);
			productName = FlipZonTests;
			productReference = 575FA1252DCB6D8200100B37 /* FlipZonTests.xctest */;
			productType = "com.apple.product-type.bundle.unit-test";
		};
		575FA12E2DCB6D8200100B37 /* FlipZonUITests */ = {
			isa = PBXNativeTarget;
			buildConfigurationList = 575FA13F2DCB6D8200100B37 /* Build configuration list for PBXNativeTarget "FlipZonUITests" */;
			buildPhases = (
				575FA12B2DCB6D8200100B37 /* Sources */,
				575FA12C2DCB6D8200100B37 /* Frameworks */,
				575FA12D2DCB6D8200100B37 /* Resources */,
			);
			buildRules = (
			);
			dependencies = (
				575FA1312DCB6D8200100B37 /* PBXTargetDependency */,
			);
			fileSystemSynchronizedGroups = (
				575FA1322DCB6D8200100B37 /* FlipZonUITests */,
			);
			name = FlipZonUITests;
			packageProductDependencies = (
			);
			productName = FlipZonUITests;
			productReference = 575FA12F2DCB6D8200100B37 /* FlipZonUITests.xctest */;
			productType = "com.apple.product-type.bundle.ui-testing";
		};
/* End PBXNativeTarget section */

/* Begin PBXProject section */
		575FA10D2DCB6D8000100B37 /* Project object */ = {
			isa = PBXProject;
			attributes = {
				BuildIndependentTargetsInParallel = 1;
				LastSwiftUpdateCheck = 1600;
				LastUpgradeCheck = 1600;
				TargetAttributes = {
					575FA1142DCB6D8000100B37 = {
						CreatedOnToolsVersion = 16.0;
					};
					575FA1242DCB6D8200100B37 = {
						CreatedOnToolsVersion = 16.0;
						TestTargetID = 575FA1142DCB6D8000100B37;
					};
					575FA12E2DCB6D8200100B37 = {
						CreatedOnToolsVersion = 16.0;
						TestTargetID = 575FA1142DCB6D8000100B37;
					};
				};
			};
			buildConfigurationList = 575FA1102DCB6D8000100B37 /* Build configuration list for PBXProject "FlipZon" */;
			developmentRegion = en;
			hasScannedForEncodings = 0;
			knownRegions = (
				en,
				Base,
			);
			mainGroup = 575FA10C2DCB6D8000100B37;
			minimizedProjectReferenceProxies = 1;
			packageReferences = (
				57A381222DCC842B00DF9641 /* XCRemoteSwiftPackageReference "firebase-ios-sdk" */,
			);
			preferredProjectObjectVersion = 77;
			productRefGroup = 575FA1162DCB6D8000100B37 /* Products */;
			projectDirPath = "";
			projectRoot = "";
			targets = (
				575FA1142DCB6D8000100B37 /* FlipZon */,
				575FA1242DCB6D8200100B37 /* FlipZonTests */,
				575FA12E2DCB6D8200100B37 /* FlipZonUITests */,
			);
		};
/* End PBXProject section */

/* Begin PBXResourcesBuildPhase section */
		575FA1132DCB6D8000100B37 /* Resources */ = {
			isa = PBXResourcesBuildPhase;
			buildActionMask = 2147483647;
			files = (
			);
			runOnlyForDeploymentPostprocessing = 0;
		};
		575FA1232DCB6D8200100B37 /* Resources */ = {
			isa = PBXResourcesBuildPhase;
			buildActionMask = 2147483647;
			files = (
			);
			runOnlyForDeploymentPostprocessing = 0;
		};
		575FA12D2DCB6D8200100B37 /* Resources */ = {
			isa = PBXResourcesBuildPhase;
			buildActionMask = 2147483647;
			files = (
			);
			runOnlyForDeploymentPostprocessing = 0;
		};
/* End PBXResourcesBuildPhase section */

/* Begin PBXSourcesBuildPhase section */
		575FA1112DCB6D8000100B37 /* Sources */ = {
			isa = PBXSourcesBuildPhase;
			buildActionMask = 2147483647;
			files = (
			);
			runOnlyForDeploymentPostprocessing = 0;
		};
		575FA1212DCB6D8200100B37 /* Sources */ = {
			isa = PBXSourcesBuildPhase;
			buildActionMask = 2147483647;
			files = (
			);
			runOnlyForDeploymentPostprocessing = 0;
		};
		575FA12B2DCB6D8200100B37 /* Sources */ = {
			isa = PBXSourcesBuildPhase;
			buildActionMask = 2147483647;
			files = (
			);
			runOnlyForDeploymentPostprocessing = 0;
		};
/* End PBXSourcesBuildPhase section */

/* Begin PBXTargetDependency section */
		575FA1272DCB6D8200100B37 /* PBXTargetDependency */ = {
			isa = PBXTargetDependency;
			target = 575FA1142DCB6D8000100B37 /* FlipZon */;
			targetProxy = 575FA1262DCB6D8200100B37 /* PBXContainerItemProxy */;
		};
		575FA1312DCB6D8200100B37 /* PBXTargetDependency */ = {
			isa = PBXTargetDependency;
			target = 575FA1142DCB6D8000100B37 /* FlipZon */;
			targetProxy = 575FA1302DCB6D8200100B37 /* PBXContainerItemProxy */;
		};
/* End PBXTargetDependency section */

/* Begin XCBuildConfiguration section */
		575FA1372DCB6D8200100B37 /* Debug */ = {
			isa = XCBuildConfiguration;
			buildSettings = {
				ALWAYS_SEARCH_USER_PATHS = NO;
				ASSETCATALOG_COMPILER_GENERATE_SWIFT_ASSET_SYMBOL_EXTENSIONS = YES;
				CLANG_ANALYZER_NONNULL = YES;
				CLANG_ANALYZER_NUMBER_OBJECT_CONVERSION = YES_AGGRESSIVE;
				CLANG_CXX_LANGUAGE_STANDARD = "gnu++20";
				CLANG_ENABLE_MODULES = YES;
				CLANG_ENABLE_OBJC_ARC = YES;
				CLANG_ENABLE_OBJC_WEAK = YES;
				CLANG_WARN_BLOCK_CAPTURE_AUTORELEASING = YES;
				CLANG_WARN_BOOL_CONVERSION = YES;
				CLANG_WARN_COMMA = YES;
				CLANG_WARN_CONSTANT_CONVERSION = YES;
				CLANG_WARN_DEPRECATED_OBJC_IMPLEMENTATIONS = YES;
				CLANG_WARN_DIRECT_OBJC_ISA_USAGE = YES_ERROR;
				CLANG_WARN_DOCUMENTATION_COMMENTS = YES;
				CLANG_WARN_EMPTY_BODY = YES;
				CLANG_WARN_ENUM_CONVERSION = YES;
				CLANG_WARN_INFINITE_RECURSION = YES;
				CLANG_WARN_INT_CONVERSION = YES;
				CLANG_WARN_NON_LITERAL_NULL_CONVERSION = YES;
				CLANG_WARN_OBJC_IMPLICIT_RETAIN_SELF = YES;
				CLANG_WARN_OBJC_LITERAL_CONVERSION = YES;
				CLANG_WARN_OBJC_ROOT_CLASS = YES_ERROR;
				CLANG_WARN_QUOTED_INCLUDE_IN_FRAMEWORK_HEADER = YES;
				CLANG_WARN_RANGE_LOOP_ANALYSIS = YES;
				CLANG_WARN_STRICT_PROTOTYPES = YES;
				CLANG_WARN_SUSPICIOUS_MOVE = YES;
				CLANG_WARN_UNGUARDED_AVAILABILITY = YES_AGGRESSIVE;
				CLANG_WARN_UNREACHABLE_CODE = YES;
				CLANG_WARN__DUPLICATE_METHOD_MATCH = YES;
				COPY_PHASE_STRIP = NO;
				DEBUG_INFORMATION_FORMAT = dwarf;
				ENABLE_STRICT_OBJC_MSGSEND = YES;
				ENABLE_TESTABILITY = YES;
				ENABLE_USER_SCRIPT_SANDBOXING = YES;
				GCC_C_LANGUAGE_STANDARD = gnu17;
				GCC_DYNAMIC_NO_PIC = NO;
				GCC_NO_COMMON_BLOCKS = YES;
				GCC_OPTIMIZATION_LEVEL = 0;
				GCC_PREPROCESSOR_DEFINITIONS = (
					"DEBUG=1",
					"$(inherited)",
				);
				GCC_WARN_64_TO_32_BIT_CONVERSION = YES;
				GCC_WARN_ABOUT_RETURN_TYPE = YES_ERROR;
				GCC_WARN_UNDECLARED_SELECTOR = YES;
				GCC_WARN_UNINITIALIZED_AUTOS = YES_AGGRESSIVE;
				GCC_WARN_UNUSED_FUNCTION = YES;
				GCC_WARN_UNUSED_VARIABLE = YES;
				IPHONEOS_DEPLOYMENT_TARGET = 18.0;
				LOCALIZATION_PREFERS_STRING_CATALOGS = YES;
				MTL_ENABLE_DEBUG_INFO = INCLUDE_SOURCE;
				MTL_FAST_MATH = YES;
				ONLY_ACTIVE_ARCH = YES;
				SDKROOT = iphoneos;
				SWIFT_ACTIVE_COMPILATION_CONDITIONS = "DEBUG $(inherited)";
				SWIFT_OPTIMIZATION_LEVEL = "-Onone";
			};
			name = Debug;
		};
		575FA1382DCB6D8200100B37 /* Release */ = {
			isa = XCBuildConfiguration;
			buildSettings = {
				ALWAYS_SEARCH_USER_PATHS = NO;
				ASSETCATALOG_COMPILER_GENERATE_SWIFT_ASSET_SYMBOL_EXTENSIONS = YES;
				CLANG_ANALYZER_NONNULL = YES;
				CLANG_ANALYZER_NUMBER_OBJECT_CONVERSION = YES_AGGRESSIVE;
				CLANG_CXX_LANGUAGE_STANDARD = "gnu++20";
				CLANG_ENABLE_MODULES = YES;
				CLANG_ENABLE_OBJC_ARC = YES;
				CLANG_ENABLE_OBJC_WEAK = YES;
				CLANG_WARN_BLOCK_CAPTURE_AUTORELEASING = YES;
				CLANG_WARN_BOOL_CONVERSION = YES;
				CLANG_WARN_COMMA = YES;
				CLANG_WARN_CONSTANT_CONVERSION = YES;
				CLANG_WARN_DEPRECATED_OBJC_IMPLEMENTATIONS = YES;
				CLANG_WARN_DIRECT_OBJC_ISA_USAGE = YES_ERROR;
				CLANG_WARN_DOCUMENTATION_COMMENTS = YES;
				CLANG_WARN_EMPTY_BODY = YES;
				CLANG_WARN_ENUM_CONVERSION = YES;
				CLANG_WARN_INFINITE_RECURSION = YES;
				CLANG_WARN_INT_CONVERSION = YES;
				CLANG_WARN_NON_LITERAL_NULL_CONVERSION = YES;
				CLANG_WARN_OBJC_IMPLICIT_RETAIN_SELF = YES;
				CLANG_WARN_OBJC_LITERAL_CONVERSION = YES;
				CLANG_WARN_OBJC_ROOT_CLASS = YES_ERROR;
				CLANG_WARN_QUOTED_INCLUDE_IN_FRAMEWORK_HEADER = YES;
				CLANG_WARN_RANGE_LOOP_ANALYSIS = YES;
				CLANG_WARN_STRICT_PROTOTYPES = YES;
				CLANG_WARN_SUSPICIOUS_MOVE = YES;
				CLANG_WARN_UNGUARDED_AVAILABILITY = YES_AGGRESSIVE;
				CLANG_WARN_UNREACHABLE_CODE = YES;
				CLANG_WARN__DUPLICATE_METHOD_MATCH = YES;
				COPY_PHASE_STRIP = NO;
				DEBUG_INFORMATION_FORMAT = "dwarf-with-dsym";
				ENABLE_NS_ASSERTIONS = NO;
				ENABLE_STRICT_OBJC_MSGSEND = YES;
				ENABLE_USER_SCRIPT_SANDBOXING = YES;
				GCC_C_LANGUAGE_STANDARD = gnu17;
				GCC_NO_COMMON_BLOCKS = YES;
				GCC_WARN_64_TO_32_BIT_CONVERSION = YES;
				GCC_WARN_ABOUT_RETURN_TYPE = YES_ERROR;
				GCC_WARN_UNDECLARED_SELECTOR = YES;
				GCC_WARN_UNINITIALIZED_AUTOS = YES_AGGRESSIVE;
				GCC_WARN_UNUSED_FUNCTION = YES;
				GCC_WARN_UNUSED_VARIABLE = YES;
				IPHONEOS_DEPLOYMENT_TARGET = 18.0;
				LOCALIZATION_PREFERS_STRING_CATALOGS = YES;
				MTL_ENABLE_DEBUG_INFO = NO;
				MTL_FAST_MATH = YES;
				SDKROOT = iphoneos;
				SWIFT_COMPILATION_MODE = wholemodule;
				VALIDATE_PRODUCT = YES;
			};
			name = Release;
		};
		575FA13A2DCB6D8200100B37 /* Debug */ = {
			isa = XCBuildConfiguration;
			buildSettings = {
				ASSETCATALOG_COMPILER_APPICON_NAME = AppIcon;
				ASSETCATALOG_COMPILER_GLOBAL_ACCENT_COLOR_NAME = AccentColor;
				CODE_SIGN_STYLE = Automatic;
				CURRENT_PROJECT_VERSION = 1;
				DEVELOPMENT_ASSET_PATHS = "\"FlipZon/Preview Content\"";
				ENABLE_PREVIEWS = YES;
				GENERATE_INFOPLIST_FILE = YES;
				INFOPLIST_KEY_UIApplicationSceneManifest_Generation = YES;
				INFOPLIST_KEY_UIApplicationSupportsIndirectInputEvents = YES;
				INFOPLIST_KEY_UILaunchScreen_Generation = YES;
				INFOPLIST_KEY_UISupportedInterfaceOrientations = UIInterfaceOrientationPortrait;
				LD_RUNPATH_SEARCH_PATHS = (
					"$(inherited)",
					"@executable_path/Frameworks",
				);
				MARKETING_VERSION = 1.0;
				PRODUCT_BUNDLE_IDENTIFIER = com.avadhootdarbhe.FlipZon;
				PRODUCT_NAME = "$(TARGET_NAME)";
				SWIFT_EMIT_LOC_STRINGS = YES;
				SWIFT_VERSION = 5.0;
				TARGETED_DEVICE_FAMILY = "1,2";
			};
			name = Debug;
		};
		575FA13B2DCB6D8200100B37 /* Release */ = {
			isa = XCBuildConfiguration;
			buildSettings = {
				ASSETCATALOG_COMPILER_APPICON_NAME = AppIcon;
				ASSETCATALOG_COMPILER_GLOBAL_ACCENT_COLOR_NAME = AccentColor;
				CODE_SIGN_STYLE = Automatic;
				CURRENT_PROJECT_VERSION = 1;
				DEVELOPMENT_ASSET_PATHS = "\"FlipZon/Preview Content\"";
				ENABLE_PREVIEWS = YES;
				GENERATE_INFOPLIST_FILE = YES;
				INFOPLIST_KEY_UIApplicationSceneManifest_Generation = YES;
				INFOPLIST_KEY_UIApplicationSupportsIndirectInputEvents = YES;
				INFOPLIST_KEY_UILaunchScreen_Generation = YES;
				INFOPLIST_KEY_UISupportedInterfaceOrientations = UIInterfaceOrientationPortrait;
				LD_RUNPATH_SEARCH_PATHS = (
					"$(inherited)",
					"@executable_path/Frameworks",
				);
				MARKETING_VERSION = 1.0;
				PRODUCT_BUNDLE_IDENTIFIER = com.avadhootdarbhe.FlipZon;
				PRODUCT_NAME = "$(TARGET_NAME)";
				SWIFT_EMIT_LOC_STRINGS = YES;
				SWIFT_VERSION = 5.0;
				TARGETED_DEVICE_FAMILY = "1,2";
			};
			name = Release;
		};
		575FA13D2DCB6D8200100B37 /* Debug */ = {
			isa = XCBuildConfiguration;
			buildSettings = {
				BUNDLE_LOADER = "$(TEST_HOST)";
				CODE_SIGN_STYLE = Automatic;
				CURRENT_PROJECT_VERSION = 1;
				GENERATE_INFOPLIST_FILE = YES;
				IPHONEOS_DEPLOYMENT_TARGET = 18.0;
				MARKETING_VERSION = 1.0;
				PRODUCT_BUNDLE_IDENTIFIER = com.avadhootdarbhe.FlipZonTests;
				PRODUCT_NAME = "$(TARGET_NAME)";
				SWIFT_EMIT_LOC_STRINGS = NO;
				SWIFT_VERSION = 5.0;
				TARGETED_DEVICE_FAMILY = "1,2";
				TEST_HOST = "$(BUILT_PRODUCTS_DIR)/FlipZon.app/$(BUNDLE_EXECUTABLE_FOLDER_PATH)/FlipZon";
			};
			name = Debug;
		};
		575FA13E2DCB6D8200100B37 /* Release */ = {
			isa = XCBuildConfiguration;
			buildSettings = {
				BUNDLE_LOADER = "$(TEST_HOST)";
				CODE_SIGN_STYLE = Automatic;
				CURRENT_PROJECT_VERSION = 1;
				GENERATE_INFOPLIST_FILE = YES;
				IPHONEOS_DEPLOYMENT_TARGET = 18.0;
				MARKETING_VERSION = 1.0;
				PRODUCT_BUNDLE_IDENTIFIER = com.avadhootdarbhe.FlipZonTests;
				PRODUCT_NAME = "$(TARGET_NAME)";
				SWIFT_EMIT_LOC_STRINGS = NO;
				SWIFT_VERSION = 5.0;
				TARGETED_DEVICE_FAMILY = "1,2";
				TEST_HOST = "$(BUILT_PRODUCTS_DIR)/FlipZon.app/$(BUNDLE_EXECUTABLE_FOLDER_PATH)/FlipZon";
			};
			name = Release;
		};
		575FA1402DCB6D8200100B37 /* Debug */ = {
			isa = XCBuildConfiguration;
			buildSettings = {
				CODE_SIGN_STYLE = Automatic;
				CURRENT_PROJECT_VERSION = 1;
				GENERATE_INFOPLIST_FILE = YES;
				MARKETING_VERSION = 1.0;
				PRODUCT_BUNDLE_IDENTIFIER = com.avadhootdarbhe.FlipZonUITests;
				PRODUCT_NAME = "$(TARGET_NAME)";
				SWIFT_EMIT_LOC_STRINGS = NO;
				SWIFT_VERSION = 5.0;
				TARGETED_DEVICE_FAMILY = "1,2";
				TEST_TARGET_NAME = FlipZon;
			};
			name = Debug;
		};
		575FA1412DCB6D8200100B37 /* Release */ = {
			isa = XCBuildConfiguration;
			buildSettings = {
				CODE_SIGN_STYLE = Automatic;
				CURRENT_PROJECT_VERSION = 1;
				GENERATE_INFOPLIST_FILE = YES;
				MARKETING_VERSION = 1.0;
				PRODUCT_BUNDLE_IDENTIFIER = com.avadhootdarbhe.FlipZonUITests;
				PRODUCT_NAME = "$(TARGET_NAME)";
				SWIFT_EMIT_LOC_STRINGS = NO;
				SWIFT_VERSION = 5.0;
				TARGETED_DEVICE_FAMILY = "1,2";
				TEST_TARGET_NAME = FlipZon;
			};
			name = Release;
		};
/* End XCBuildConfiguration section */

/* Begin XCConfigurationList section */
		575FA1102DCB6D8000100B37 /* Build configuration list for PBXProject "FlipZon" */ = {
			isa = XCConfigurationList;
			buildConfigurations = (
				575FA1372DCB6D8200100B37 /* Debug */,
				575FA1382DCB6D8200100B37 /* Release */,
			);
			defaultConfigurationIsVisible = 0;
			defaultConfigurationName = Release;
		};
		575FA1392DCB6D8200100B37 /* Build configuration list for PBXNativeTarget "FlipZon" */ = {
			isa = XCConfigurationList;
			buildConfigurations = (
				575FA13A2DCB6D8200100B37 /* Debug */,
				575FA13B2DCB6D8200100B37 /* Release */,
			);
			defaultConfigurationIsVisible = 0;
			defaultConfigurationName = Release;
		};
		575FA13C2DCB6D8200100B37 /* Build configuration list for PBXNativeTarget "FlipZonTests" */ = {
			isa = XCConfigurationList;
			buildConfigurations = (
				575FA13D2DCB6D8200100B37 /* Debug */,
				575FA13E2DCB6D8200100B37 /* Release */,
			);
			defaultConfigurationIsVisible = 0;
			defaultConfigurationName = Release;
		};
		575FA13F2DCB6D8200100B37 /* Build configuration list for PBXNativeTarget "FlipZonUITests" */ = {
			isa = XCConfigurationList;
			buildConfigurations = (
				575FA1402DCB6D8200100B37 /* Debug */,
				575FA1412DCB6D8200100B37 /* Release */,
			);
			defaultConfigurationIsVisible = 0;
			defaultConfigurationName = Release;
		};
/* End XCConfigurationList section */

/* Begin XCRemoteSwiftPackageReference section */
		57A381222DCC842B00DF9641 /* XCRemoteSwiftPackageReference "firebase-ios-sdk" */ = {
			isa = XCRemoteSwiftPackageReference;
			repositoryURL = "https://github.com/firebase/firebase-ios-sdk";
			requirement = {
				kind = upToNextMajorVersion;
				minimumVersion = 11.12.0;
			};
		};
/* End XCRemoteSwiftPackageReference section */

/* Begin XCSwiftPackageProductDependency section */
		57A381232DCC842B00DF9641 /* FirebaseAuth */ = {
			isa = XCSwiftPackageProductDependency;
			package = 57A381222DCC842B00DF9641 /* XCRemoteSwiftPackageReference "firebase-ios-sdk" */;
			productName = FirebaseAuth;
		};
/* End XCSwiftPackageProductDependency section */
	};
	rootObject = 575FA10D2DCB6D8000100B37 /* Project object */;
}
